
Microsoft Visual Studio Solution File, Format Version 12.00
# Visual Studio 15
VisualStudioVersion = 15.0.28307.645
MinimumVisualStudioVersion = 10.0.40219.1
Project("{FAE04EC0-301F-11D3-BF4B-00C04F79EFBC}") = "ClienteApiRestFul0", "ClienteApiRestFul0\ClienteApiRestFul0.csproj", "{E35BC52D-D597-4C65-9513-903D2DD48E91}"
EndProject
Global
	GlobalSection(SolutionConfigurationPlatforms) = preSolution
		Debug|Any CPU = Debug|Any CPU
		Release|Any CPU = Release|Any CPU
	EndGlobalSection
	GlobalSection(ProjectConfigurationPlatforms) = postSolution
		{E35BC52D-D597-4C65-9513-903D2DD48E91}.Debug|Any CPU.ActiveCfg = Debug|Any CPU
		{E35BC52D-D597-4C65-9513-903D2DD48E91}.Debug|Any CPU.Build.0 = Debug|Any CPU
		{E35BC52D-D597-4C65-9513-903D2DD48E91}.Release|Any CPU.ActiveCfg = Release|Any CPU
		{E35BC52D-D597-4C65-9513-903D2DD48E91}.Release|Any CPU.Build.0 = Release|Any CPU
	EndGlobalSection
	GlobalSection(SolutionProperties) = preSolution
		HideSolutionNode = FALSE
	EndGlobalSection
	GlobalSection(ExtensibilityGlobals) = postSolution
		SolutionGuid = {662D3627-C7E0-4523-ABCB-6E2B7E6239C3}
	EndGlobalSection
EndGlobal
